
Microsoft Visual Studio Solution File, Format Version 12.00
# Visual Studio Version 16
VisualStudioVersion = 16.0.30309.148
MinimumVisualStudioVersion = 10.0.40219.1
Project("{FAE04EC0-301F-11D3-BF4B-00C04F79EFBC}") = "winserver", "winserver\winserver.csproj", "{571C2E30-5B9A-40DC-8ACE-6B769DCC85CF}"
EndProject
Global
	GlobalSection(SolutionConfigurationPlatforms) = preSolution
		Debug|Any CPU = Debug|Any CPU
		Release|Any CPU = Release|Any CPU
	EndGlobalSection
	GlobalSection(ProjectConfigurationPlatforms) = postSolution
		{571C2E30-5B9A-40DC-8ACE-6B769DCC85CF}.Debug|Any CPU.ActiveCfg = Debug|Any CPU
		{571C2E30-5B9A-40DC-8ACE-6B769DCC85CF}.Debug|Any CPU.Build.0 = Debug|Any CPU
		{571C2E30-5B9A-40DC-8ACE-6B769DCC85CF}.Release|Any CPU.ActiveCfg = Release|Any CPU
		{571C2E30-5B9A-40DC-8ACE-6B769DCC85CF}.Release|Any CPU.Build.0 = Release|Any CPU
	EndGlobalSection
	GlobalSection(SolutionProperties) = preSolution
		HideSolutionNode = FALSE
	EndGlobalSection
	GlobalSection(ExtensibilityGlobals) = postSolution
		SolutionGuid = {59E386D6-F4C2-47E2-A0E2-BE99041DDEE7}
	EndGlobalSection
EndGlobal
